
Microsoft Visual Studio Solution File, Format Version 12.00
# Visual Studio Version 17
VisualStudioVersion = 17.5.33530.505
MinimumVisualStudioVersion = 10.0.40219.1
Project("{FAE04EC0-301F-11D3-BF4B-00C04F79EFBC}") = "Logger", "Logger\Logger.csproj", "{5EBF9585-430D-44F8-BDA3-AF3B893B85FA}"
EndProject
Project("{E53339B2-1760-4266-BCC7-CA923CBCF16C}") = "docker-compose", "docker-compose.dcproj", "{DC984F98-AAAC-4426-8E03-E713DACCA1A2}"
EndProject
Global
	GlobalSection(SolutionConfigurationPlatforms) = preSolution
		Debug|Any CPU = Debug|Any CPU
		Release|Any CPU = Release|Any CPU
	EndGlobalSection
	GlobalSection(ProjectConfigurationPlatforms) = postSolution
		{5EBF9585-430D-44F8-BDA3-AF3B893B85FA}.Debug|Any CPU.ActiveCfg = Debug|Any CPU
		{5EBF9585-430D-44F8-BDA3-AF3B893B85FA}.Debug|Any CPU.Build.0 = Debug|Any CPU
		{5EBF9585-430D-44F8-BDA3-AF3B893B85FA}.Release|Any CPU.ActiveCfg = Release|Any CPU
		{5EBF9585-430D-44F8-BDA3-AF3B893B85FA}.Release|Any CPU.Build.0 = Release|Any CPU
		{DC984F98-AAAC-4426-8E03-E713DACCA1A2}.Debug|Any CPU.ActiveCfg = Debug|Any CPU
		{DC984F98-AAAC-4426-8E03-E713DACCA1A2}.Debug|Any CPU.Build.0 = Debug|Any CPU
		{DC984F98-AAAC-4426-8E03-E713DACCA1A2}.Release|Any CPU.ActiveCfg = Release|Any CPU
		{DC984F98-AAAC-4426-8E03-E713DACCA1A2}.Release|Any CPU.Build.0 = Release|Any CPU
	EndGlobalSection
	GlobalSection(SolutionProperties) = preSolution
		HideSolutionNode = FALSE
	EndGlobalSection
	GlobalSection(ExtensibilityGlobals) = postSolution
		SolutionGuid = {D202800B-B477-4622-B459-96C70220C9CB}
	EndGlobalSection
EndGlobal
